
Microsoft Visual Studio Solution File, Format Version 12.00
Project("{FAE04EC0-301F-11D3-BF4B-00C04F79EFBC}") = "Benchmarks.Linq", "bench\Benchmarks.Linq\Benchmarks.Linq.csproj", "{67C1C89B-2109-4111-BA26-CFD3F5796849}"
EndProject
Project("{2150E333-8FDC-42A3-9474-1A3956D46DE8}") = "Benchmarks", "Benchmarks", "{A05A3511-E100-402F-AF2E-A0FF315B712A}"
EndProject
Project("{2150E333-8FDC-42A3-9474-1A3956D46DE8}") = "Tests", "Tests", "{933884AA-BD88-4061-89CC-23523751DACC}"
EndProject
Project("{2150E333-8FDC-42A3-9474-1A3956D46DE8}") = "Source", "Source", "{6D1A768E-1164-4DCD-A387-F1C167D9D85B}"
EndProject
Project("{FAE04EC0-301F-11D3-BF4B-00C04F79EFBC}") = "Source.Linq", "src\Source.Linq\Source.Linq.csproj", "{93CE69CA-10AF-4EFE-8602-A639EAFEC97D}"
EndProject
Project("{FAE04EC0-301F-11D3-BF4B-00C04F79EFBC}") = "Test.Linq", "test\Test.Linq\Test.Linq.csproj", "{21F24DB1-D7EE-4646-BFC3-F177B1A8A763}"
EndProject
Global
	GlobalSection(SolutionConfigurationPlatforms) = preSolution
		Debug|Any CPU = Debug|Any CPU
		Release|Any CPU = Release|Any CPU
	EndGlobalSection
	GlobalSection(ProjectConfigurationPlatforms) = postSolution
		{67C1C89B-2109-4111-BA26-CFD3F5796849}.Debug|Any CPU.ActiveCfg = Debug|Any CPU
		{67C1C89B-2109-4111-BA26-CFD3F5796849}.Debug|Any CPU.Build.0 = Debug|Any CPU
		{67C1C89B-2109-4111-BA26-CFD3F5796849}.Release|Any CPU.ActiveCfg = Release|Any CPU
		{67C1C89B-2109-4111-BA26-CFD3F5796849}.Release|Any CPU.Build.0 = Release|Any CPU
		{93CE69CA-10AF-4EFE-8602-A639EAFEC97D}.Debug|Any CPU.ActiveCfg = Debug|Any CPU
		{93CE69CA-10AF-4EFE-8602-A639EAFEC97D}.Debug|Any CPU.Build.0 = Debug|Any CPU
		{93CE69CA-10AF-4EFE-8602-A639EAFEC97D}.Release|Any CPU.ActiveCfg = Release|Any CPU
		{93CE69CA-10AF-4EFE-8602-A639EAFEC97D}.Release|Any CPU.Build.0 = Release|Any CPU
		{21F24DB1-D7EE-4646-BFC3-F177B1A8A763}.Debug|Any CPU.ActiveCfg = Debug|Any CPU
		{21F24DB1-D7EE-4646-BFC3-F177B1A8A763}.Debug|Any CPU.Build.0 = Debug|Any CPU
		{21F24DB1-D7EE-4646-BFC3-F177B1A8A763}.Release|Any CPU.ActiveCfg = Release|Any CPU
		{21F24DB1-D7EE-4646-BFC3-F177B1A8A763}.Release|Any CPU.Build.0 = Release|Any CPU
	EndGlobalSection
	GlobalSection(NestedProjects) = preSolution
		{67C1C89B-2109-4111-BA26-CFD3F5796849} = {A05A3511-E100-402F-AF2E-A0FF315B712A}
		{93CE69CA-10AF-4EFE-8602-A639EAFEC97D} = {6D1A768E-1164-4DCD-A387-F1C167D9D85B}
		{21F24DB1-D7EE-4646-BFC3-F177B1A8A763} = {933884AA-BD88-4061-89CC-23523751DACC}
	EndGlobalSection
EndGlobal
